// !$*UTF8*$!
{
	archiveVersion = 1;
	classes = {
	};
	objectVersion = 50;
	objects = {

/* Begin PBXBuildFile section */
		71132E9D2182FAA30078297A /* AppDelegate.swift in Sources */ = {isa = PBXBuildFile; fileRef = 71132E9C2182FAA30078297A /* AppDelegate.swift */; };
		71132E9F2182FAA30078297A /* ViewController.swift in Sources */ = {isa = PBXBuildFile; fileRef = 71132E9E2182FAA30078297A /* ViewController.swift */; };
		71132EA22182FAA30078297A /* Main.storyboard in Resources */ = {isa = PBXBuildFile; fileRef = 71132EA02182FAA30078297A /* Main.storyboard */; };
		71132EA42182FAA40078297A /* Assets.xcassets in Resources */ = {isa = PBXBuildFile; fileRef = 71132EA32182FAA40078297A /* Assets.xcassets */; };
		71132EA72182FAA40078297A /* LaunchScreen.storyboard in Resources */ = {isa = PBXBuildFile; fileRef = 71132EA52182FAA40078297A /* LaunchScreen.storyboard */; };
		71132EAF218306EF0078297A /* README.md in Resources */ = {isa = PBXBuildFile; fileRef = 71132EAE218306EF0078297A /* README.md */; };
		71132EFE21832F9E0078297A /* funny-icon-60@3x.png in Resources */ = {isa = PBXBuildFile; fileRef = 71132EEB21832F9E0078297A /* funny-icon-60@3x.png */; };
		71132EFF21832F9E0078297A /* funny-icon-29@2x.png in Resources */ = {isa = PBXBuildFile; fileRef = 71132EEC21832F9E0078297A /* funny-icon-29@2x.png */; };
		71132F0021832F9E0078297A /* funny-icon-29@3x.png in Resources */ = {isa = PBXBuildFile; fileRef = 71132EED21832F9E0078297A /* funny-icon-29@3x.png */; };
		71132F0121832F9E0078297A /* funny-icon-60@2x.png in Resources */ = {isa = PBXBuildFile; fileRef = 71132EEE21832F9E0078297A /* funny-icon-60@2x.png */; };
		71132F0221832F9E0078297A /* funny-icon-40@2x.png in Resources */ = {isa = PBXBuildFile; fileRef = 71132EEF21832F9E0078297A /* funny-icon-40@2x.png */; };
		71132F0421832F9E0078297A /* funny-icon-40@3x.png in Resources */ = {isa = PBXBuildFile; fileRef = 71132EF121832F9E0078297A /* funny-icon-40@3x.png */; };
		71132F0521832F9E0078297A /* funny-icon-20@3x.png in Resources */ = {isa = PBXBuildFile; fileRef = 71132EF221832F9E0078297A /* funny-icon-20@3x.png */; };
		71132F0621832F9E0078297A /* funny-icon-20@2x.png in Resources */ = {isa = PBXBuildFile; fileRef = 71132EF321832F9E0078297A /* funny-icon-20@2x.png */; };
		71132F0721832F9E0078297A /* dark-icon-20@3x.png in Resources */ = {isa = PBXBuildFile; fileRef = 71132EF521832F9E0078297A /* dark-icon-20@3x.png */; };
		71132F0821832F9E0078297A /* dark-icon-20@2x.png in Resources */ = {isa = PBXBuildFile; fileRef = 71132EF621832F9E0078297A /* dark-icon-20@2x.png */; };
		71132F0A21832F9E0078297A /* dark-icon-40@2x.png in Resources */ = {isa = PBXBuildFile; fileRef = 71132EF821832F9E0078297A /* dark-icon-40@2x.png */; };
		71132F0B21832F9E0078297A /* dark-icon-40@3x.png in Resources */ = {isa = PBXBuildFile; fileRef = 71132EF921832F9E0078297A /* dark-icon-40@3x.png */; };
		71132F0C21832F9E0078297A /* dark-icon-60@3x.png in Resources */ = {isa = PBXBuildFile; fileRef = 71132EFA21832F9E0078297A /* dark-icon-60@3x.png */; };
		71132F0D21832F9E0078297A /* dark-icon-29@2x.png in Resources */ = {isa = PBXBuildFile; fileRef = 71132EFB21832F9E0078297A /* dark-icon-29@2x.png */; };
		71132F0E21832F9E0078297A /* dark-icon-29@3x.png in Resources */ = {isa = PBXBuildFile; fileRef = 71132EFC21832F9E0078297A /* dark-icon-29@3x.png */; };
		71132F0F21832F9E0078297A /* dark-icon-60@2x.png in Resources */ = {isa = PBXBuildFile; fileRef = 71132EFD21832F9E0078297A /* dark-icon-60@2x.png */; };
/* End PBXBuildFile section */

/* Begin PBXFileReference section */
		71132E992182FAA30078297A /* Dynamic-Icon-Demo.app */ = {isa = PBXFileReference; explicitFileType = wrapper.application; includeInIndex = 0; path = "Dynamic-Icon-Demo.app"; sourceTree = BUILT_PRODUCTS_DIR; };
		71132E9C2182FAA30078297A /* AppDelegate.swift */ = {isa = PBXFileReference; lastKnownFileType = sourcecode.swift; path = AppDelegate.swift; sourceTree = "<group>"; };
		71132E9E2182FAA30078297A /* ViewController.swift */ = {isa = PBXFileReference; lastKnownFileType = sourcecode.swift; path = ViewController.swift; sourceTree = "<group>"; };
		71132EA12182FAA30078297A /* Base */ = {isa = PBXFileReference; lastKnownFileType = file.storyboard; name = Base; path = Base.lproj/Main.storyboard; sourceTree = "<group>"; };
		71132EA32182FAA40078297A /* Assets.xcassets */ = {isa = PBXFileReference; lastKnownFileType = folder.assetcatalog; path = Assets.xcassets; sourceTree = "<group>"; };
		71132EA62182FAA40078297A /* Base */ = {isa = PBXFileReference; lastKnownFileType = file.storyboard; name = Base; path = Base.lproj/LaunchScreen.storyboard; sourceTree = "<group>"; };
		71132EA82182FAA40078297A /* Info.plist */ = {isa = PBXFileReference; lastKnownFileType = text.plist.xml; path = Info.plist; sourceTree = "<group>"; };
		71132EAE218306EF0078297A /* README.md */ = {isa = PBXFileReference; fileEncoding = 4; lastKnownFileType = net.daringfireball.markdown; path = README.md; sourceTree = SOURCE_ROOT; };
		71132EEB21832F9E0078297A /* funny-icon-60@3x.png */ = {isa = PBXFileReference; lastKnownFileType = image.png; path = "funny-icon-60@3x.png"; sourceTree = "<group>"; };
		71132EEC21832F9E0078297A /* funny-icon-29@2x.png */ = {isa = PBXFileReference; lastKnownFileType = image.png; path = "funny-icon-29@2x.png"; sourceTree = "<group>"; };
		71132EED21832F9E0078297A /* funny-icon-29@3x.png */ = {isa = PBXFileReference; lastKnownFileType = image.png; path = "funny-icon-29@3x.png"; sourceTree = "<group>"; };
		71132EEE21832F9E0078297A /* funny-icon-60@2x.png */ = {isa = PBXFileReference; lastKnownFileType = image.png; path = "funny-icon-60@2x.png"; sourceTree = "<group>"; };
		71132EEF21832F9E0078297A /* funny-icon-40@2x.png */ = {isa = PBXFileReference; lastKnownFileType = image.png; path = "funny-icon-40@2x.png"; sourceTree = "<group>"; };
		71132EF121832F9E0078297A /* funny-icon-40@3x.png */ = {isa = PBXFileReference; lastKnownFileType = image.png; path = "funny-icon-40@3x.png"; sourceTree = "<group>"; };
		71132EF221832F9E0078297A /* funny-icon-20@3x.png */ = {isa = PBXFileReference; lastKnownFileType = image.png; path = "funny-icon-20@3x.png"; sourceTree = "<group>"; };
		71132EF321832F9E0078297A /* funny-icon-20@2x.png */ = {isa = PBXFileReference; lastKnownFileType = image.png; path = "funny-icon-20@2x.png"; sourceTree = "<group>"; };
		71132EF521832F9E0078297A /* dark-icon-20@3x.png */ = {isa = PBXFileReference; lastKnownFileType = image.png; path = "dark-icon-20@3x.png"; sourceTree = "<group>"; };
		71132EF621832F9E0078297A /* dark-icon-20@2x.png */ = {isa = PBXFileReference; lastKnownFileType = image.png; path = "dark-icon-20@2x.png"; sourceTree = "<group>"; };
		71132EF821832F9E0078297A /* dark-icon-40@2x.png */ = {isa = PBXFileReference; lastKnownFileType = image.png; path = "dark-icon-40@2x.png"; sourceTree = "<group>"; };
		71132EF921832F9E0078297A /* dark-icon-40@3x.png */ = {isa = PBXFileReference; lastKnownFileType = image.png; path = "dark-icon-40@3x.png"; sourceTree = "<group>"; };
		71132EFA21832F9E0078297A /* dark-icon-60@3x.png */ = {isa = PBXFileReference; lastKnownFileType = image.png; path = "dark-icon-60@3x.png"; sourceTree = "<group>"; };
		71132EFB21832F9E0078297A /* dark-icon-29@2x.png */ = {isa = PBXFileReference; lastKnownFileType = image.png; path = "dark-icon-29@2x.png"; sourceTree = "<group>"; };
		71132EFC21832F9E0078297A /* dark-icon-29@3x.png */ = {isa = PBXFileReference; lastKnownFileType = image.png; path = "dark-icon-29@3x.png"; sourceTree = "<group>"; };
		71132EFD21832F9E0078297A /* dark-icon-60@2x.png */ = {isa = PBXFileReference; lastKnownFileType = image.png; path = "dark-icon-60@2x.png"; sourceTree = "<group>"; };
/* End PBXFileReference section */

/* Begin PBXFrameworksBuildPhase section */
		71132E962182FAA30078297A /* Frameworks */ = {
			isa = PBXFrameworksBuildPhase;
			buildActionMask = 2147483647;
			files = (
			);
			runOnlyForDeploymentPostprocessing = 0;
		};
/* End PBXFrameworksBuildPhase section */

/* Begin PBXGroup section */
		71132E902182FAA30078297A = {
			isa = PBXGroup;
			children = (
				71132EAE218306EF0078297A /* README.md */,
				71132E9B2182FAA30078297A /* Dynamic-Icon-Demo */,
				71132E9A2182FAA30078297A /* Products */,
			);
			sourceTree = "<group>";
		};
		71132E9A2182FAA30078297A /* Products */ = {
			isa = PBXGroup;
			children = (
				71132E992182FAA30078297A /* Dynamic-Icon-Demo.app */,
			);
			name = Products;
			sourceTree = "<group>";
		};
		71132E9B2182FAA30078297A /* Dynamic-Icon-Demo */ = {
			isa = PBXGroup;
			children = (
				71132E9C2182FAA30078297A /* AppDelegate.swift */,
				71132E9E2182FAA30078297A /* ViewController.swift */,
				71132EB021831CE30078297A /* icon-files */,
				71132EA02182FAA30078297A /* Main.storyboard */,
				71132EA32182FAA40078297A /* Assets.xcassets */,
				71132EA52182FAA40078297A /* LaunchScreen.storyboard */,
				71132EA82182FAA40078297A /* Info.plist */,
			);
			path = "Dynamic-Icon-Demo";
			sourceTree = "<group>";
		};
		71132EB021831CE30078297A /* icon-files */ = {
			isa = PBXGroup;
			children = (
				71132EF421832F9E0078297A /* dark-icon */,
				71132EEA21832F9E0078297A /* funny-icon */,
			);
			path = "icon-files";
			sourceTree = "<group>";
		};
		71132EEA21832F9E0078297A /* funny-icon */ = {
			isa = PBXGroup;
			children = (
				71132EEB21832F9E0078297A /* funny-icon-60@3x.png */,
				71132EEC21832F9E0078297A /* funny-icon-29@2x.png */,
				71132EED21832F9E0078297A /* funny-icon-29@3x.png */,
				71132EEE21832F9E0078297A /* funny-icon-60@2x.png */,
				71132EEF21832F9E0078297A /* funny-icon-40@2x.png */,
				71132EF121832F9E0078297A /* funny-icon-40@3x.png */,
				71132EF221832F9E0078297A /* funny-icon-20@3x.png */,
				71132EF321832F9E0078297A /* funny-icon-20@2x.png */,
			);
			path = "funny-icon";
			sourceTree = "<group>";
		};
		71132EF421832F9E0078297A /* dark-icon */ = {
			isa = PBXGroup;
			children = (
				71132EF521832F9E0078297A /* dark-icon-20@3x.png */,
				71132EF621832F9E0078297A /* dark-icon-20@2x.png */,
				71132EF821832F9E0078297A /* dark-icon-40@2x.png */,
				71132EF921832F9E0078297A /* dark-icon-40@3x.png */,
				71132EFA21832F9E0078297A /* dark-icon-60@3x.png */,
				71132EFB21832F9E0078297A /* dark-icon-29@2x.png */,
				71132EFC21832F9E0078297A /* dark-icon-29@3x.png */,
				71132EFD21832F9E0078297A /* dark-icon-60@2x.png */,
			);
			path = "dark-icon";
			sourceTree = "<group>";
		};
/* End PBXGroup section */

/* Begin PBXNativeTarget section */
		71132E982182FAA30078297A /* Dynamic-Icon-Demo */ = {
			isa = PBXNativeTarget;
			buildConfigurationList = 71132EAB2182FAA40078297A /* Build configuration list for PBXNativeTarget "Dynamic-Icon-Demo" */;
			buildPhases = (
				71132E952182FAA30078297A /* Sources */,
				71132E962182FAA30078297A /* Frameworks */,
				71132E972182FAA30078297A /* Resources */,
			);
			buildRules = (
			);
			dependencies = (
			);
			name = "Dynamic-Icon-Demo";
			productName = "Dynamic-Icon-Demo";
			productReference = 71132E992182FAA30078297A /* Dynamic-Icon-Demo.app */;
			productType = "com.apple.product-type.application";
		};
/* End PBXNativeTarget section */

/* Begin PBXProject section */
		71132E912182FAA30078297A /* Project object */ = {
			isa = PBXProject;
			attributes = {
				LastSwiftUpdateCheck = 1000;
				LastUpgradeCheck = 1000;
				ORGANIZATIONNAME = HuangLibo;
				TargetAttributes = {
					71132E982182FAA30078297A = {
						CreatedOnToolsVersion = 10.0;
					};
				};
			};
			buildConfigurationList = 71132E942182FAA30078297A /* Build configuration list for PBXProject "Dynamic-Icon-Demo" */;
			compatibilityVersion = "Xcode 9.3";
			developmentRegion = en;
			hasScannedForEncodings = 0;
			knownRegions = (
				en,
				Base,
			);
			mainGroup = 71132E902182FAA30078297A;
			productRefGroup = 71132E9A2182FAA30078297A /* Products */;
			projectDirPath = "";
			projectRoot = "";
			targets = (
				71132E982182FAA30078297A /* Dynamic-Icon-Demo */,
			);
		};
/* End PBXProject section */

/* Begin PBXResourcesBuildPhase section */
		71132E972182FAA30078297A /* Resources */ = {
			isa = PBXResourcesBuildPhase;
			buildActionMask = 2147483647;
			files = (
				71132F0621832F9E0078297A /* funny-icon-20@2x.png in Resources */,
				71132F0021832F9E0078297A /* funny-icon-29@3x.png in Resources */,
				71132EA72182FAA40078297A /* LaunchScreen.storyboard in Resources */,
				71132EA42182FAA40078297A /* Assets.xcassets in Resources */,
				71132F0821832F9E0078297A /* dark-icon-20@2x.png in Resources */,
				71132F0C21832F9E0078297A /* dark-icon-60@3x.png in Resources */,
				71132F0B21832F9E0078297A /* dark-icon-40@3x.png in Resources */,
				71132F0D21832F9E0078297A /* dark-icon-29@2x.png in Resources */,
				71132F0221832F9E0078297A /* funny-icon-40@2x.png in Resources */,
				71132F0A21832F9E0078297A /* dark-icon-40@2x.png in Resources */,
				71132F0F21832F9E0078297A /* dark-icon-60@2x.png in Resources */,
				71132F0521832F9E0078297A /* funny-icon-20@3x.png in Resources */,
				71132F0721832F9E0078297A /* dark-icon-20@3x.png in Resources */,
				71132EFF21832F9E0078297A /* funny-icon-29@2x.png in Resources */,
				71132F0421832F9E0078297A /* funny-icon-40@3x.png in Resources */,
				71132F0121832F9E0078297A /* funny-icon-60@2x.png in Resources */,
				71132EAF218306EF0078297A /* README.md in Resources */,
				71132EFE21832F9E0078297A /* funny-icon-60@3x.png in Resources */,
				71132EA22182FAA30078297A /* Main.storyboard in Resources */,
				71132F0E21832F9E0078297A /* dark-icon-29@3x.png in Resources */,
			);
			runOnlyForDeploymentPostprocessing = 0;
		};
/* End PBXResourcesBuildPhase section */

/* Begin PBXSourcesBuildPhase section */
		71132E952182FAA30078297A /* Sources */ = {
			isa = PBXSourcesBuildPhase;
			buildActionMask = 2147483647;
			files = (
				71132E9F2182FAA30078297A /* ViewController.swift in Sources */,
				71132E9D2182FAA30078297A /* AppDelegate.swift in Sources */,
			);
			runOnlyForDeploymentPostprocessing = 0;
		};
/* End PBXSourcesBuildPhase section */

/* Begin PBXVariantGroup section */
		71132EA02182FAA30078297A /* Main.storyboard */ = {
			isa = PBXVariantGroup;
			children = (
				71132EA12182FAA30078297A /* Base */,
			);
			name = Main.storyboard;
			sourceTree = "<group>";
		};
		71132EA52182FAA40078297A /* LaunchScreen.storyboard */ = {
			isa = PBXVariantGroup;
			children = (
				71132EA62182FAA40078297A /* Base */,
			);
			name = LaunchScreen.storyboard;
			sourceTree = "<group>";
		};
/* End PBXVariantGroup section */

/* Begin XCBuildConfiguration section */
		71132EA92182FAA40078297A /* Debug */ = {
			isa = XCBuildConfiguration;
			buildSettings = {
				ALWAYS_SEARCH_USER_PATHS = NO;
				CLANG_ANALYZER_NONNULL = YES;
				CLANG_ANALYZER_NUMBER_OBJECT_CONVERSION = YES_AGGRESSIVE;
				CLANG_CXX_LANGUAGE_STANDARD = "gnu++14";
				CLANG_CXX_LIBRARY = "libc++";
				CLANG_ENABLE_MODULES = YES;
				CLANG_ENABLE_OBJC_ARC = YES;
				CLANG_ENABLE_OBJC_WEAK = YES;
				CLANG_WARN_BLOCK_CAPTURE_AUTORELEASING = YES;
				CLANG_WARN_BOOL_CONVERSION = YES;
				CLANG_WARN_COMMA = YES;
				CLANG_WARN_CONSTANT_CONVERSION = YES;
				CLANG_WARN_DEPRECATED_OBJC_IMPLEMENTATIONS = YES;
				CLANG_WARN_DIRECT_OBJC_ISA_USAGE = YES_ERROR;
				CLANG_WARN_DOCUMENTATION_COMMENTS = YES;
				CLANG_WARN_EMPTY_BODY = YES;
				CLANG_WARN_ENUM_CONVERSION = YES;
				CLANG_WARN_INFINITE_RECURSION = YES;
				CLANG_WARN_INT_CONVERSION = YES;
				CLANG_WARN_NON_LITERAL_NULL_CONVERSION = YES;
				CLANG_WARN_OBJC_IMPLICIT_RETAIN_SELF = YES;
				CLANG_WARN_OBJC_LITERAL_CONVERSION = YES;
				CLANG_WARN_OBJC_ROOT_CLASS = YES_ERROR;
				CLANG_WARN_RANGE_LOOP_ANALYSIS = YES;
				CLANG_WARN_STRICT_PROTOTYPES = YES;
				CLANG_WARN_SUSPICIOUS_MOVE = YES;
				CLANG_WARN_UNGUARDED_AVAILABILITY = YES_AGGRESSIVE;
				CLANG_WARN_UNREACHABLE_CODE = YES;
				CLANG_WARN__DUPLICATE_METHOD_MATCH = YES;
				CODE_SIGN_IDENTITY = "iPhone Developer";
				COPY_PHASE_STRIP = NO;
				DEBUG_INFORMATION_FORMAT = dwarf;
				ENABLE_STRICT_OBJC_MSGSEND = YES;
				ENABLE_TESTABILITY = YES;
				GCC_C_LANGUAGE_STANDARD = gnu11;
				GCC_DYNAMIC_NO_PIC = NO;
				GCC_NO_COMMON_BLOCKS = YES;
				GCC_OPTIMIZATION_LEVEL = 0;
				GCC_PREPROCESSOR_DEFINITIONS = (
					"DEBUG=1",
					"$(inherited)",
				);
				GCC_WARN_64_TO_32_BIT_CONVERSION = YES;
				GCC_WARN_ABOUT_RETURN_TYPE = YES_ERROR;
				GCC_WARN_UNDECLARED_SELECTOR = YES;
				GCC_WARN_UNINITIALIZED_AUTOS = YES_AGGRESSIVE;
				GCC_WARN_UNUSED_FUNCTION = YES;
				GCC_WARN_UNUSED_VARIABLE = YES;
				IPHONEOS_DEPLOYMENT_TARGET = 11.0;
				MTL_ENABLE_DEBUG_INFO = INCLUDE_SOURCE;
				MTL_FAST_MATH = YES;
				ONLY_ACTIVE_ARCH = YES;
				SDKROOT = iphoneos;
				SWIFT_ACTIVE_COMPILATION_CONDITIONS = DEBUG;
				SWIFT_OPTIMIZATION_LEVEL = "-Onone";
			};
			name = Debug;
		};
		71132EAA2182FAA40078297A /* Release */ = {
			isa = XCBuildConfiguration;
			buildSettings = {
				ALWAYS_SEARCH_USER_PATHS = NO;
				CLANG_ANALYZER_NONNULL = YES;
				CLANG_ANALYZER_NUMBER_OBJECT_CONVERSION = YES_AGGRESSIVE;
				CLANG_CXX_LANGUAGE_STANDARD = "gnu++14";
				CLANG_CXX_LIBRARY = "libc++";
				CLANG_ENABLE_MODULES = YES;
				CLANG_ENABLE_OBJC_ARC = YES;
				CLANG_ENABLE_OBJC_WEAK = YES;
				CLANG_WARN_BLOCK_CAPTURE_AUTORELEASING = YES;
				CLANG_WARN_BOOL_CONVERSION = YES;
				CLANG_WARN_COMMA = YES;
				CLANG_WARN_CONSTANT_CONVERSION = YES;
				CLANG_WARN_DEPRECATED_OBJC_IMPLEMENTATIONS = YES;
				CLANG_WARN_DIRECT_OBJC_ISA_USAGE = YES_ERROR;
				CLANG_WARN_DOCUMENTATION_COMMENTS = YES;
				CLANG_WARN_EMPTY_BODY = YES;
				CLANG_WARN_ENUM_CONVERSION = YES;
				CLANG_WARN_INFINITE_RECURSION = YES;
				CLANG_WARN_INT_CONVERSION = YES;
				CLANG_WARN_NON_LITERAL_NULL_CONVERSION = YES;
				CLANG_WARN_OBJC_IMPLICIT_RETAIN_SELF = YES;
				CLANG_WARN_OBJC_LITERAL_CONVERSION = YES;
				CLANG_WARN_OBJC_ROOT_CLASS = YES_ERROR;
				CLANG_WARN_RANGE_LOOP_ANALYSIS = YES;
				CLANG_WARN_STRICT_PROTOTYPES = YES;
				CLANG_WARN_SUSPICIOUS_MOVE = YES;
				CLANG_WARN_UNGUARDED_AVAILABILITY = YES_AGGRESSIVE;
				CLANG_WARN_UNREACHABLE_CODE = YES;
				CLANG_WARN__DUPLICATE_METHOD_MATCH = YES;
				CODE_SIGN_IDENTITY = "iPhone Developer";
				COPY_PHASE_STRIP = NO;
				DEBUG_INFORMATION_FORMAT = "dwarf-with-dsym";
				ENABLE_NS_ASSERTIONS = NO;
				ENABLE_STRICT_OBJC_MSGSEND = YES;
				GCC_C_LANGUAGE_STANDARD = gnu11;
				GCC_NO_COMMON_BLOCKS = YES;
				GCC_WARN_64_TO_32_BIT_CONVERSION = YES;
				GCC_WARN_ABOUT_RETURN_TYPE = YES_ERROR;
				GCC_WARN_UNDECLARED_SELECTOR = YES;
				GCC_WARN_UNINITIALIZED_AUTOS = YES_AGGRESSIVE;
				GCC_WARN_UNUSED_FUNCTION = YES;
				GCC_WARN_UNUSED_VARIABLE = YES;
				IPHONEOS_DEPLOYMENT_TARGET = 11.0;
				MTL_ENABLE_DEBUG_INFO = NO;
				MTL_FAST_MATH = YES;
				SDKROOT = iphoneos;
				SWIFT_COMPILATION_MODE = wholemodule;
				SWIFT_OPTIMIZATION_LEVEL = "-O";
				VALIDATE_PRODUCT = YES;
			};
			name = Release;
		};
		71132EAC2182FAA40078297A /* Debug */ = {
			isa = XCBuildConfiguration;
			buildSettings = {
				ASSETCATALOG_COMPILER_APPICON_NAME = AppIcon;
				CODE_SIGN_STYLE = Automatic;
				INFOPLIST_FILE = "Dynamic-Icon-Demo/Info.plist";
				LD_RUNPATH_SEARCH_PATHS = (
					"$(inherited)",
					"@executable_path/Frameworks",
				);
				PRODUCT_BUNDLE_IDENTIFIER = "com.huanglibo.Dynamic-Icon-Demo";
				PRODUCT_NAME = "$(TARGET_NAME)";
				SWIFT_VERSION = 4.2;
				TARGETED_DEVICE_FAMILY = 1;
			};
			name = Debug;
		};
		71132EAD2182FAA40078297A /* Release */ = {
			isa = XCBuildConfiguration;
			buildSettings = {
				ASSETCATALOG_COMPILER_APPICON_NAME = AppIcon;
				CODE_SIGN_STYLE = Automatic;
				INFOPLIST_FILE = "Dynamic-Icon-Demo/Info.plist";
				LD_RUNPATH_SEARCH_PATHS = (
					"$(inherited)",
					"@executable_path/Frameworks",
				);
				PRODUCT_BUNDLE_IDENTIFIER = "com.huanglibo.Dynamic-Icon-Demo";
				PRODUCT_NAME = "$(TARGET_NAME)";
				SWIFT_VERSION = 4.2;
				TARGETED_DEVICE_FAMILY = 1;
			};
			name = Release;
		};
/* End XCBuildConfiguration section */

/* Begin XCConfigurationList section */
		71132E942182FAA30078297A /* Build configuration list for PBXProject "Dynamic-Icon-Demo" */ = {
			isa = XCConfigurationList;
			buildConfigurations = (
				71132EA92182FAA40078297A /* Debug */,
				71132EAA2182FAA40078297A /* Release */,
			);
			defaultConfigurationIsVisible = 0;
			defaultConfigurationName = Release;
		};
		71132EAB2182FAA40078297A /* Build configuration list for PBXNativeTarget "Dynamic-Icon-Demo" */ = {
			isa = XCConfigurationList;
			buildConfigurations = (
				71132EAC2182FAA40078297A /* Debug */,
				71132EAD2182FAA40078297A /* Release */,
			);
			defaultConfigurationIsVisible = 0;
			defaultConfigurationName = Release;
		};
/* End XCConfigurationList section */
	};
	rootObject = 71132E912182FAA30078297A /* Project object */;
}
